
Microsoft Visual Studio Solution File, Format Version 12.00
# Visual Studio Version 17
VisualStudioVersion = 17.14.36109.1
MinimumVisualStudioVersion = 10.0.40219.1
Project("{FAE04EC0-301F-11D3-BF4B-00C04F79EFBC}") = "HRMSwebAPI", "HRMSwebAPI.csproj", "{73A109E3-CC19-4418-B7DF-33A9383D9B14}"
EndProject
Project("{2150E333-8FDC-42A3-9474-1A3956D46DE8}") = "Api", "Api", "{02EA681E-C7D8-13C7-8484-4AC65E1B71E8}"
EndProject
Project("{FAE04EC0-301F-11D3-BF4B-00C04F79EFBC}") = "Domain", "..\Domain\Domain.csproj", "{FD03FE8A-E681-4CD7-8DFF-FE16605D8033}"
EndProject
Project("{FAE04EC0-301F-11D3-BF4B-00C04F79EFBC}") = "Application", "..\Application\Application.csproj", "{53E14DAB-5345-41B5-937E-D6EF14558BAA}"
	ProjectSection(ProjectDependencies) = postProject
		{FD03FE8A-E681-4CD7-8DFF-FE16605D8033} = {FD03FE8A-E681-4CD7-8DFF-FE16605D8033}
	EndProjectSection
EndProject
Project("{2150E333-8FDC-42A3-9474-1A3956D46DE8}") = "Web", "Web", "{248845EB-8830-49A2-B9E2-C2A82743ECFC}"
EndProject
Project("{FAE04EC0-301F-11D3-BF4B-00C04F79EFBC}") = "Infrastructure", "..\Infrastructure\Infrastructure.csproj", "{76E5AA66-C53D-4B34-BD99-3711BD50431C}"
EndProject
Project("{FAE04EC0-301F-11D3-BF4B-00C04F79EFBC}") = "API", "..\API\API.csproj", "{0FCB1317-E996-4806-A8CB-8E3970B22F52}"
EndProject
Project("{FAE04EC0-301F-11D3-BF4B-00C04F79EFBC}") = "Shared", "..\Shared\Shared.csproj", "{13A361B5-F634-4259-8A0C-3DF3EFDCB85D}"
EndProject
Project("{FAE04EC0-301F-11D3-BF4B-00C04F79EFBC}") = "HRMSmvc", "..\HRMSmvc\HRMSmvc.csproj", "{CF36FB35-AD7B-4199-B30A-5E915EDA9946}"
EndProject
Global
	GlobalSection(SolutionConfigurationPlatforms) = preSolution
		Debug|Any CPU = Debug|Any CPU
		Release|Any CPU = Release|Any CPU
	EndGlobalSection
	GlobalSection(ProjectConfigurationPlatforms) = postSolution
		{73A109E3-CC19-4418-B7DF-33A9383D9B14}.Debug|Any CPU.ActiveCfg = Debug|Any CPU
		{73A109E3-CC19-4418-B7DF-33A9383D9B14}.Debug|Any CPU.Build.0 = Debug|Any CPU
		{73A109E3-CC19-4418-B7DF-33A9383D9B14}.Release|Any CPU.ActiveCfg = Release|Any CPU
		{73A109E3-CC19-4418-B7DF-33A9383D9B14}.Release|Any CPU.Build.0 = Release|Any CPU
		{FD03FE8A-E681-4CD7-8DFF-FE16605D8033}.Debug|Any CPU.ActiveCfg = Debug|Any CPU
		{FD03FE8A-E681-4CD7-8DFF-FE16605D8033}.Debug|Any CPU.Build.0 = Debug|Any CPU
		{FD03FE8A-E681-4CD7-8DFF-FE16605D8033}.Release|Any CPU.ActiveCfg = Release|Any CPU
		{FD03FE8A-E681-4CD7-8DFF-FE16605D8033}.Release|Any CPU.Build.0 = Release|Any CPU
		{53E14DAB-5345-41B5-937E-D6EF14558BAA}.Debug|Any CPU.ActiveCfg = Debug|Any CPU
		{53E14DAB-5345-41B5-937E-D6EF14558BAA}.Debug|Any CPU.Build.0 = Debug|Any CPU
		{53E14DAB-5345-41B5-937E-D6EF14558BAA}.Release|Any CPU.ActiveCfg = Release|Any CPU
		{53E14DAB-5345-41B5-937E-D6EF14558BAA}.Release|Any CPU.Build.0 = Release|Any CPU
		{76E5AA66-C53D-4B34-BD99-3711BD50431C}.Debug|Any CPU.ActiveCfg = Debug|Any CPU
		{76E5AA66-C53D-4B34-BD99-3711BD50431C}.Debug|Any CPU.Build.0 = Debug|Any CPU
		{76E5AA66-C53D-4B34-BD99-3711BD50431C}.Release|Any CPU.ActiveCfg = Release|Any CPU
		{76E5AA66-C53D-4B34-BD99-3711BD50431C}.Release|Any CPU.Build.0 = Release|Any CPU
		{0FCB1317-E996-4806-A8CB-8E3970B22F52}.Debug|Any CPU.ActiveCfg = Debug|Any CPU
		{0FCB1317-E996-4806-A8CB-8E3970B22F52}.Debug|Any CPU.Build.0 = Debug|Any CPU
		{0FCB1317-E996-4806-A8CB-8E3970B22F52}.Release|Any CPU.ActiveCfg = Release|Any CPU
		{0FCB1317-E996-4806-A8CB-8E3970B22F52}.Release|Any CPU.Build.0 = Release|Any CPU
		{13A361B5-F634-4259-8A0C-3DF3EFDCB85D}.Debug|Any CPU.ActiveCfg = Debug|Any CPU
		{13A361B5-F634-4259-8A0C-3DF3EFDCB85D}.Debug|Any CPU.Build.0 = Debug|Any CPU
		{13A361B5-F634-4259-8A0C-3DF3EFDCB85D}.Release|Any CPU.ActiveCfg = Release|Any CPU
		{13A361B5-F634-4259-8A0C-3DF3EFDCB85D}.Release|Any CPU.Build.0 = Release|Any CPU
		{CF36FB35-AD7B-4199-B30A-5E915EDA9946}.Debug|Any CPU.ActiveCfg = Debug|Any CPU
		{CF36FB35-AD7B-4199-B30A-5E915EDA9946}.Debug|Any CPU.Build.0 = Debug|Any CPU
		{CF36FB35-AD7B-4199-B30A-5E915EDA9946}.Release|Any CPU.ActiveCfg = Release|Any CPU
		{CF36FB35-AD7B-4199-B30A-5E915EDA9946}.Release|Any CPU.Build.0 = Release|Any CPU
	EndGlobalSection
	GlobalSection(SolutionProperties) = preSolution
		HideSolutionNode = FALSE
	EndGlobalSection
	GlobalSection(NestedProjects) = preSolution
		{FD03FE8A-E681-4CD7-8DFF-FE16605D8033} = {02EA681E-C7D8-13C7-8484-4AC65E1B71E8}
		{53E14DAB-5345-41B5-937E-D6EF14558BAA} = {02EA681E-C7D8-13C7-8484-4AC65E1B71E8}
		{76E5AA66-C53D-4B34-BD99-3711BD50431C} = {02EA681E-C7D8-13C7-8484-4AC65E1B71E8}
		{0FCB1317-E996-4806-A8CB-8E3970B22F52} = {02EA681E-C7D8-13C7-8484-4AC65E1B71E8}
		{13A361B5-F634-4259-8A0C-3DF3EFDCB85D} = {02EA681E-C7D8-13C7-8484-4AC65E1B71E8}
		{CF36FB35-AD7B-4199-B30A-5E915EDA9946} = {248845EB-8830-49A2-B9E2-C2A82743ECFC}
	EndGlobalSection
	GlobalSection(ExtensibilityGlobals) = postSolution
		SolutionGuid = {888909A8-DA1C-4234-9736-B1B43F2B4B37}
	EndGlobalSection
EndGlobal
